// !$*UTF8*$!
{
	archiveVersion = 1;
	classes = {
	};
	objectVersion = 56;
	objects = {

/* Begin PBXBuildFile section */
		681A6B482B45A3D000AF074D /* SwiftExpanderToWord.swift in Sources */ = {isa = PBXBuildFile; fileRef = 681A6B472B45A3D000AF074D /* SwiftExpanderToWord.swift */; };
		681B2A0E2B446C2C0045C02F /* SwiftExpanderTests.swift in Sources */ = {isa = PBXBuildFile; fileRef = 681B2A0D2B446C2C0045C02F /* SwiftExpanderTests.swift */; };
		681B2A102B446D620045C02F /* SwiftExpanderToSubword.swift in Sources */ = {isa = PBXBuildFile; fileRef = 681B2A0F2B446D620045C02F /* SwiftExpanderToSubword.swift */; };
		681B2A122B459E820045C02F /* SwiftExpanderToRegexSet.swift in Sources */ = {isa = PBXBuildFile; fileRef = 681B2A112B459E820045C02F /* SwiftExpanderToRegexSet.swift */; };
		681B2A142B45A9F10045C02F /* SwiftExpanderToWordTests.swift in Sources */ = {isa = PBXBuildFile; fileRef = 681B2A132B45A9F10045C02F /* SwiftExpanderToWordTests.swift */; };
		681B2A152B45AA4E0045C02F /* SwiftExpanderToWord.swift in Sources */ = {isa = PBXBuildFile; fileRef = 681A6B472B45A3D000AF074D /* SwiftExpanderToWord.swift */; };
		681B2A162B45AA4E0045C02F /* SwiftExpanderToRegexSet.swift in Sources */ = {isa = PBXBuildFile; fileRef = 681B2A112B459E820045C02F /* SwiftExpanderToRegexSet.swift */; };
		681B2A172B45AA4E0045C02F /* SwiftExpanderToSubword.swift in Sources */ = {isa = PBXBuildFile; fileRef = 681B2A0F2B446D620045C02F /* SwiftExpanderToSubword.swift */; };
		685649442A485BFA00099B1A /* SwiftExpanderUtils.swift in Sources */ = {isa = PBXBuildFile; fileRef = 685649432A485BFA00099B1A /* SwiftExpanderUtils.swift */; };
		685649462A485CB300099B1A /* SwiftExpanderUtilsTests.swift in Sources */ = {isa = PBXBuildFile; fileRef = 685649452A485CB300099B1A /* SwiftExpanderUtilsTests.swift */; };
		685649472A485CE300099B1A /* SwiftExpanderUtils.swift in Sources */ = {isa = PBXBuildFile; fileRef = 685649432A485BFA00099B1A /* SwiftExpanderUtils.swift */; };
		6863FBFB2AC8510F003F0A3C /* SwiftExpanderToSymbolsTests.swift in Sources */ = {isa = PBXBuildFile; fileRef = 6863FBFA2AC8510F003F0A3C /* SwiftExpanderToSymbolsTests.swift */; };
		686616342A361A7100209C4A /* ExpandSelectionApp.swift in Sources */ = {isa = PBXBuildFile; fileRef = 686616332A361A7100209C4A /* ExpandSelectionApp.swift */; };
		686616362A361A7100209C4A /* ContentView.swift in Sources */ = {isa = PBXBuildFile; fileRef = 686616352A361A7100209C4A /* ContentView.swift */; };
		686616382A361A7200209C4A /* Assets.xcassets in Resources */ = {isa = PBXBuildFile; fileRef = 686616372A361A7200209C4A /* Assets.xcassets */; };
		6866163B2A361A7200209C4A /* Preview Assets.xcassets in Resources */ = {isa = PBXBuildFile; fileRef = 6866163A2A361A7200209C4A /* Preview Assets.xcassets */; };
		686616492A361AA300209C4A /* Cocoa.framework in Frameworks */ = {isa = PBXBuildFile; fileRef = 686616482A361AA300209C4A /* Cocoa.framework */; };
		6866164E2A361AA300209C4A /* SourceEditorExtension.swift in Sources */ = {isa = PBXBuildFile; fileRef = 6866164D2A361AA300209C4A /* SourceEditorExtension.swift */; };
		686616502A361AA300209C4A /* SourceEditorCommand.swift in Sources */ = {isa = PBXBuildFile; fileRef = 6866164F2A361AA300209C4A /* SourceEditorCommand.swift */; };
		686616552A361AA300209C4A /* ExpandSelectionExtension.appex in Embed Foundation Extensions */ = {isa = PBXBuildFile; fileRef = 686616462A361AA300209C4A /* ExpandSelectionExtension.appex */; settings = {ATTRIBUTES = (RemoveHeadersOnCopy, ); }; };
		6866165A2A361CC400209C4A /* XcodeKit.framework in Frameworks */ = {isa = PBXBuildFile; fileRef = 6866164A2A361AA300209C4A /* XcodeKit.framework */; };
		6866165B2A361CC400209C4A /* XcodeKit.framework in Embed Frameworks */ = {isa = PBXBuildFile; fileRef = 6866164A2A361AA300209C4A /* XcodeKit.framework */; settings = {ATTRIBUTES = (RemoveHeadersOnCopy, ); }; };
		687DDCF62AD1545E00420FDD /* SwiftExpander.swift in Sources */ = {isa = PBXBuildFile; fileRef = 68F823032A3DE75E00F4D1E2 /* SwiftExpander.swift */; };
		68D452642A502275001D4C46 /* SwiftExpandSemanticUnitTests.swift in Sources */ = {isa = PBXBuildFile; fileRef = 68D452632A502275001D4C46 /* SwiftExpandSemanticUnitTests.swift */; };
		68D452652A5022C6001D4C46 /* SwiftExpandSemanticUnit.swift in Sources */ = {isa = PBXBuildFile; fileRef = 68F823182A3E116600F4D1E2 /* SwiftExpandSemanticUnit.swift */; };
		68D452662A502850001D4C46 /* String+Extensions.swift in Sources */ = {isa = PBXBuildFile; fileRef = 68F823052A3DE7B200F4D1E2 /* String+Extensions.swift */; };
		68D452682A50670A001D4C46 /* SwiftExpanderToSymbols.swift in Sources */ = {isa = PBXBuildFile; fileRef = 68D452672A50670A001D4C46 /* SwiftExpanderToSymbols.swift */; };
		68D452692A50670A001D4C46 /* SwiftExpanderToSymbols.swift in Sources */ = {isa = PBXBuildFile; fileRef = 68D452672A50670A001D4C46 /* SwiftExpanderToSymbols.swift */; };
		68F823042A3DE75E00F4D1E2 /* SwiftExpander.swift in Sources */ = {isa = PBXBuildFile; fileRef = 68F823032A3DE75E00F4D1E2 /* SwiftExpander.swift */; };
		68F823062A3DE7B200F4D1E2 /* String+Extensions.swift in Sources */ = {isa = PBXBuildFile; fileRef = 68F823052A3DE7B200F4D1E2 /* String+Extensions.swift */; };
		68F823082A3E01E700F4D1E2 /* SwiftExpandToQuotes.swift in Sources */ = {isa = PBXBuildFile; fileRef = 68F823072A3E01E700F4D1E2 /* SwiftExpandToQuotes.swift */; };
		68F8230A2A3E106800F4D1E2 /* SwiftExpanderProtocol.swift in Sources */ = {isa = PBXBuildFile; fileRef = 68F823092A3E106800F4D1E2 /* SwiftExpanderProtocol.swift */; };
		68F823192A3E116600F4D1E2 /* SwiftExpandSemanticUnit.swift in Sources */ = {isa = PBXBuildFile; fileRef = 68F823182A3E116600F4D1E2 /* SwiftExpandSemanticUnit.swift */; };
		68F8231B2A3E145F00F4D1E2 /* SwiftExpandToQuotesTests.swift in Sources */ = {isa = PBXBuildFile; fileRef = 68F8231A2A3E145F00F4D1E2 /* SwiftExpandToQuotesTests.swift */; };
		68F8231C2A3E14BA00F4D1E2 /* SwiftExpandToQuotes.swift in Sources */ = {isa = PBXBuildFile; fileRef = 68F823072A3E01E700F4D1E2 /* SwiftExpandToQuotes.swift */; };
		68F8231D2A3E165D00F4D1E2 /* SwiftExpanderProtocol.swift in Sources */ = {isa = PBXBuildFile; fileRef = 68F823092A3E106800F4D1E2 /* SwiftExpanderProtocol.swift */; };
/* End PBXBuildFile section */

/* Begin PBXContainerItemProxy section */
		686616532A361AA300209C4A /* PBXContainerItemProxy */ = {
			isa = PBXContainerItemProxy;
			containerPortal = 686616282A361A7100209C4A /* Project object */;
			proxyType = 1;
			remoteGlobalIDString = 686616452A361AA300209C4A;
			remoteInfo = ExpandSelectionExtension;
		};
		68F823132A3E111600F4D1E2 /* PBXContainerItemProxy */ = {
			isa = PBXContainerItemProxy;
			containerPortal = 686616282A361A7100209C4A /* Project object */;
			proxyType = 1;
			remoteGlobalIDString = 6866162F2A361A7100209C4A;
			remoteInfo = ExpandSelection;
		};
/* End PBXContainerItemProxy section */

/* Begin PBXCopyFilesBuildPhase section */
		686616592A361AA300209C4A /* Embed Foundation Extensions */ = {
			isa = PBXCopyFilesBuildPhase;
			buildActionMask = 2147483647;
			dstPath = "";
			dstSubfolderSpec = 13;
			files = (
				686616552A361AA300209C4A /* ExpandSelectionExtension.appex in Embed Foundation Extensions */,
			);
			name = "Embed Foundation Extensions";
			runOnlyForDeploymentPostprocessing = 0;
		};
		6866165C2A361CC400209C4A /* Embed Frameworks */ = {
			isa = PBXCopyFilesBuildPhase;
			buildActionMask = 2147483647;
			dstPath = "";
			dstSubfolderSpec = 10;
			files = (
				6866165B2A361CC400209C4A /* XcodeKit.framework in Embed Frameworks */,
			);
			name = "Embed Frameworks";
			runOnlyForDeploymentPostprocessing = 0;
		};
/* End PBXCopyFilesBuildPhase section */

/* Begin PBXFileReference section */
		681A6B472B45A3D000AF074D /* SwiftExpanderToWord.swift */ = {isa = PBXFileReference; lastKnownFileType = sourcecode.swift; path = SwiftExpanderToWord.swift; sourceTree = "<group>"; };
		681B2A0D2B446C2C0045C02F /* SwiftExpanderTests.swift */ = {isa = PBXFileReference; lastKnownFileType = sourcecode.swift; path = SwiftExpanderTests.swift; sourceTree = "<group>"; };
		681B2A0F2B446D620045C02F /* SwiftExpanderToSubword.swift */ = {isa = PBXFileReference; lastKnownFileType = sourcecode.swift; path = SwiftExpanderToSubword.swift; sourceTree = "<group>"; };
		681B2A112B459E820045C02F /* SwiftExpanderToRegexSet.swift */ = {isa = PBXFileReference; lastKnownFileType = sourcecode.swift; path = SwiftExpanderToRegexSet.swift; sourceTree = "<group>"; };
		681B2A132B45A9F10045C02F /* SwiftExpanderToWordTests.swift */ = {isa = PBXFileReference; lastKnownFileType = sourcecode.swift; path = SwiftExpanderToWordTests.swift; sourceTree = "<group>"; };
		685649432A485BFA00099B1A /* SwiftExpanderUtils.swift */ = {isa = PBXFileReference; lastKnownFileType = sourcecode.swift; path = SwiftExpanderUtils.swift; sourceTree = "<group>"; };
		685649452A485CB300099B1A /* SwiftExpanderUtilsTests.swift */ = {isa = PBXFileReference; lastKnownFileType = sourcecode.swift; path = SwiftExpanderUtilsTests.swift; sourceTree = "<group>"; };
		6863FBFA2AC8510F003F0A3C /* SwiftExpanderToSymbolsTests.swift */ = {isa = PBXFileReference; lastKnownFileType = sourcecode.swift; path = SwiftExpanderToSymbolsTests.swift; sourceTree = "<group>"; };
		686616302A361A7100209C4A /* ExpandSelection.app */ = {isa = PBXFileReference; explicitFileType = wrapper.application; includeInIndex = 0; path = ExpandSelection.app; sourceTree = BUILT_PRODUCTS_DIR; };
		686616332A361A7100209C4A /* ExpandSelectionApp.swift */ = {isa = PBXFileReference; lastKnownFileType = sourcecode.swift; path = ExpandSelectionApp.swift; sourceTree = "<group>"; };
		686616352A361A7100209C4A /* ContentView.swift */ = {isa = PBXFileReference; lastKnownFileType = sourcecode.swift; path = ContentView.swift; sourceTree = "<group>"; };
		686616372A361A7200209C4A /* Assets.xcassets */ = {isa = PBXFileReference; lastKnownFileType = folder.assetcatalog; path = Assets.xcassets; sourceTree = "<group>"; };
		6866163A2A361A7200209C4A /* Preview Assets.xcassets */ = {isa = PBXFileReference; lastKnownFileType = folder.assetcatalog; path = "Preview Assets.xcassets"; sourceTree = "<group>"; };
		6866163C2A361A7200209C4A /* ExpandSelection.entitlements */ = {isa = PBXFileReference; lastKnownFileType = text.plist.entitlements; path = ExpandSelection.entitlements; sourceTree = "<group>"; };
		686616462A361AA300209C4A /* ExpandSelectionExtension.appex */ = {isa = PBXFileReference; explicitFileType = "wrapper.app-extension"; includeInIndex = 0; path = ExpandSelectionExtension.appex; sourceTree = BUILT_PRODUCTS_DIR; };
		686616482A361AA300209C4A /* Cocoa.framework */ = {isa = PBXFileReference; lastKnownFileType = wrapper.framework; name = Cocoa.framework; path = System/Library/Frameworks/Cocoa.framework; sourceTree = SDKROOT; };
		6866164A2A361AA300209C4A /* XcodeKit.framework */ = {isa = PBXFileReference; lastKnownFileType = wrapper.framework; name = XcodeKit.framework; path = Library/Frameworks/XcodeKit.framework; sourceTree = DEVELOPER_DIR; };
		6866164D2A361AA300209C4A /* SourceEditorExtension.swift */ = {isa = PBXFileReference; lastKnownFileType = sourcecode.swift; path = SourceEditorExtension.swift; sourceTree = "<group>"; };
		6866164F2A361AA300209C4A /* SourceEditorCommand.swift */ = {isa = PBXFileReference; lastKnownFileType = sourcecode.swift; path = SourceEditorCommand.swift; sourceTree = "<group>"; };
		686616512A361AA300209C4A /* Info.plist */ = {isa = PBXFileReference; lastKnownFileType = text.plist.xml; path = Info.plist; sourceTree = "<group>"; };
		686616522A361AA300209C4A /* ExpandSelectionExtension.entitlements */ = {isa = PBXFileReference; lastKnownFileType = text.plist.entitlements; path = ExpandSelectionExtension.entitlements; sourceTree = "<group>"; };
		68D452632A502275001D4C46 /* SwiftExpandSemanticUnitTests.swift */ = {isa = PBXFileReference; lastKnownFileType = sourcecode.swift; path = SwiftExpandSemanticUnitTests.swift; sourceTree = "<group>"; };
		68D452672A50670A001D4C46 /* SwiftExpanderToSymbols.swift */ = {isa = PBXFileReference; lastKnownFileType = sourcecode.swift; path = SwiftExpanderToSymbols.swift; sourceTree = "<group>"; };
		68F823032A3DE75E00F4D1E2 /* SwiftExpander.swift */ = {isa = PBXFileReference; lastKnownFileType = sourcecode.swift; path = SwiftExpander.swift; sourceTree = "<group>"; };
		68F823052A3DE7B200F4D1E2 /* String+Extensions.swift */ = {isa = PBXFileReference; lastKnownFileType = sourcecode.swift; path = "String+Extensions.swift"; sourceTree = "<group>"; };
		68F823072A3E01E700F4D1E2 /* SwiftExpandToQuotes.swift */ = {isa = PBXFileReference; lastKnownFileType = sourcecode.swift; path = SwiftExpandToQuotes.swift; sourceTree = "<group>"; };
		68F823092A3E106800F4D1E2 /* SwiftExpanderProtocol.swift */ = {isa = PBXFileReference; lastKnownFileType = sourcecode.swift; path = SwiftExpanderProtocol.swift; sourceTree = "<group>"; };
		68F8230F2A3E111600F4D1E2 /* ExpandSelectionTests.xctest */ = {isa = PBXFileReference; explicitFileType = wrapper.cfbundle; includeInIndex = 0; path = ExpandSelectionTests.xctest; sourceTree = BUILT_PRODUCTS_DIR; };
		68F823182A3E116600F4D1E2 /* SwiftExpandSemanticUnit.swift */ = {isa = PBXFileReference; lastKnownFileType = sourcecode.swift; path = SwiftExpandSemanticUnit.swift; sourceTree = "<group>"; };
		68F8231A2A3E145F00F4D1E2 /* SwiftExpandToQuotesTests.swift */ = {isa = PBXFileReference; lastKnownFileType = sourcecode.swift; path = SwiftExpandToQuotesTests.swift; sourceTree = "<group>"; };
/* End PBXFileReference section */

/* Begin PBXFrameworksBuildPhase section */
		6866162D2A361A7100209C4A /* Frameworks */ = {
			isa = PBXFrameworksBuildPhase;
			buildActionMask = 2147483647;
			files = (
			);
			runOnlyForDeploymentPostprocessing = 0;
		};
		686616432A361AA300209C4A /* Frameworks */ = {
			isa = PBXFrameworksBuildPhase;
			buildActionMask = 2147483647;
			files = (
				686616492A361AA300209C4A /* Cocoa.framework in Frameworks */,
				6866165A2A361CC400209C4A /* XcodeKit.framework in Frameworks */,
			);
			runOnlyForDeploymentPostprocessing = 0;
		};
		68F8230C2A3E111600F4D1E2 /* Frameworks */ = {
			isa = PBXFrameworksBuildPhase;
			buildActionMask = 2147483647;
			files = (
			);
			runOnlyForDeploymentPostprocessing = 0;
		};
/* End PBXFrameworksBuildPhase section */

/* Begin PBXGroup section */
		686616272A361A7100209C4A = {
			isa = PBXGroup;
			children = (
				686616322A361A7100209C4A /* ExpandSelection */,
				6866164C2A361AA300209C4A /* ExpandSelectionExtension */,
				68F823102A3E111600F4D1E2 /* ExpandSelectionTests */,
				686616472A361AA300209C4A /* Frameworks */,
				686616312A361A7100209C4A /* Products */,
			);
			sourceTree = "<group>";
		};
		686616312A361A7100209C4A /* Products */ = {
			isa = PBXGroup;
			children = (
				686616302A361A7100209C4A /* ExpandSelection.app */,
				686616462A361AA300209C4A /* ExpandSelectionExtension.appex */,
				68F8230F2A3E111600F4D1E2 /* ExpandSelectionTests.xctest */,
			);
			name = Products;
			sourceTree = "<group>";
		};
		686616322A361A7100209C4A /* ExpandSelection */ = {
			isa = PBXGroup;
			children = (
				686616332A361A7100209C4A /* ExpandSelectionApp.swift */,
				686616352A361A7100209C4A /* ContentView.swift */,
				686616372A361A7200209C4A /* Assets.xcassets */,
				6866163C2A361A7200209C4A /* ExpandSelection.entitlements */,
				686616392A361A7200209C4A /* Preview Content */,
			);
			path = ExpandSelection;
			sourceTree = "<group>";
		};
		686616392A361A7200209C4A /* Preview Content */ = {
			isa = PBXGroup;
			children = (
				6866163A2A361A7200209C4A /* Preview Assets.xcassets */,
			);
			path = "Preview Content";
			sourceTree = "<group>";
		};
		686616472A361AA300209C4A /* Frameworks */ = {
			isa = PBXGroup;
			children = (
				686616482A361AA300209C4A /* Cocoa.framework */,
				6866164A2A361AA300209C4A /* XcodeKit.framework */,
			);
			name = Frameworks;
			sourceTree = "<group>";
		};
		6866164C2A361AA300209C4A /* ExpandSelectionExtension */ = {
			isa = PBXGroup;
			children = (
				68F823022A3DE72100F4D1E2 /* Expanders */,
				6866164D2A361AA300209C4A /* SourceEditorExtension.swift */,
				6866164F2A361AA300209C4A /* SourceEditorCommand.swift */,
				686616512A361AA300209C4A /* Info.plist */,
				686616522A361AA300209C4A /* ExpandSelectionExtension.entitlements */,
			);
			path = ExpandSelectionExtension;
			sourceTree = "<group>";
		};
		68F823022A3DE72100F4D1E2 /* Expanders */ = {
			isa = PBXGroup;
			children = (
				68F823032A3DE75E00F4D1E2 /* SwiftExpander.swift */,
				68F823052A3DE7B200F4D1E2 /* String+Extensions.swift */,
				68F823072A3E01E700F4D1E2 /* SwiftExpandToQuotes.swift */,
				68F823092A3E106800F4D1E2 /* SwiftExpanderProtocol.swift */,
				68F823182A3E116600F4D1E2 /* SwiftExpandSemanticUnit.swift */,
				685649432A485BFA00099B1A /* SwiftExpanderUtils.swift */,
				68D452672A50670A001D4C46 /* SwiftExpanderToSymbols.swift */,
				681B2A0F2B446D620045C02F /* SwiftExpanderToSubword.swift */,
				681B2A112B459E820045C02F /* SwiftExpanderToRegexSet.swift */,
				681A6B472B45A3D000AF074D /* SwiftExpanderToWord.swift */,
			);
			path = Expanders;
			sourceTree = "<group>";
		};
		68F823102A3E111600F4D1E2 /* ExpandSelectionTests */ = {
			isa = PBXGroup;
			children = (
				68F8231A2A3E145F00F4D1E2 /* SwiftExpandToQuotesTests.swift */,
				685649452A485CB300099B1A /* SwiftExpanderUtilsTests.swift */,
				68D452632A502275001D4C46 /* SwiftExpandSemanticUnitTests.swift */,
				6863FBFA2AC8510F003F0A3C /* SwiftExpanderToSymbolsTests.swift */,
				681B2A0D2B446C2C0045C02F /* SwiftExpanderTests.swift */,
				681B2A132B45A9F10045C02F /* SwiftExpanderToWordTests.swift */,
			);
			path = ExpandSelectionTests;
			sourceTree = "<group>";
		};
/* End PBXGroup section */

/* Begin PBXNativeTarget section */
		6866162F2A361A7100209C4A /* ExpandSelection */ = {
			isa = PBXNativeTarget;
			buildConfigurationList = 6866163F2A361A7200209C4A /* Build configuration list for PBXNativeTarget "ExpandSelection" */;
			buildPhases = (
				6866162C2A361A7100209C4A /* Sources */,
				6866162D2A361A7100209C4A /* Frameworks */,
				6866162E2A361A7100209C4A /* Resources */,
				686616592A361AA300209C4A /* Embed Foundation Extensions */,
			);
			buildRules = (
			);
			dependencies = (
				686616542A361AA300209C4A /* PBXTargetDependency */,
			);
			name = ExpandSelection;
			productName = ExpandSelection;
			productReference = 686616302A361A7100209C4A /* ExpandSelection.app */;
			productType = "com.apple.product-type.application";
		};
		686616452A361AA300209C4A /* ExpandSelectionExtension */ = {
			isa = PBXNativeTarget;
			buildConfigurationList = 686616562A361AA300209C4A /* Build configuration list for PBXNativeTarget "ExpandSelectionExtension" */;
			buildPhases = (
				686616422A361AA300209C4A /* Sources */,
				686616432A361AA300209C4A /* Frameworks */,
				686616442A361AA300209C4A /* Resources */,
				6866165C2A361CC400209C4A /* Embed Frameworks */,
			);
			buildRules = (
			);
			dependencies = (
			);
			name = ExpandSelectionExtension;
			productName = ExpandSelectionExtension;
			productReference = 686616462A361AA300209C4A /* ExpandSelectionExtension.appex */;
			productType = "com.apple.product-type.xcode-extension";
		};
		68F8230E2A3E111600F4D1E2 /* ExpandSelectionTests */ = {
			isa = PBXNativeTarget;
			buildConfigurationList = 68F823152A3E111600F4D1E2 /* Build configuration list for PBXNativeTarget "ExpandSelectionTests" */;
			buildPhases = (
				68F8230B2A3E111600F4D1E2 /* Sources */,
				68F8230C2A3E111600F4D1E2 /* Frameworks */,
				68F8230D2A3E111600F4D1E2 /* Resources */,
			);
			buildRules = (
			);
			dependencies = (
				68F823142A3E111600F4D1E2 /* PBXTargetDependency */,
			);
			name = ExpandSelectionTests;
			productName = ExpandSelectionTests;
			productReference = 68F8230F2A3E111600F4D1E2 /* ExpandSelectionTests.xctest */;
			productType = "com.apple.product-type.bundle.unit-test";
		};
/* End PBXNativeTarget section */

/* Begin PBXProject section */
		686616282A361A7100209C4A /* Project object */ = {
			isa = PBXProject;
			attributes = {
				BuildIndependentTargetsInParallel = 1;
				LastSwiftUpdateCheck = 1430;
				LastUpgradeCheck = 1430;
				TargetAttributes = {
					6866162F2A361A7100209C4A = {
						CreatedOnToolsVersion = 14.3;
					};
					686616452A361AA300209C4A = {
						CreatedOnToolsVersion = 14.3;
					};
					68F8230E2A3E111600F4D1E2 = {
						CreatedOnToolsVersion = 14.3;
						TestTargetID = 6866162F2A361A7100209C4A;
					};
				};
			};
			buildConfigurationList = 6866162B2A361A7100209C4A /* Build configuration list for PBXProject "ExpandSelection" */;
			compatibilityVersion = "Xcode 14.0";
			developmentRegion = en;
			hasScannedForEncodings = 0;
			knownRegions = (
				en,
				Base,
			);
			mainGroup = 686616272A361A7100209C4A;
			productRefGroup = 686616312A361A7100209C4A /* Products */;
			projectDirPath = "";
			projectRoot = "";
			targets = (
				6866162F2A361A7100209C4A /* ExpandSelection */,
				686616452A361AA300209C4A /* ExpandSelectionExtension */,
				68F8230E2A3E111600F4D1E2 /* ExpandSelectionTests */,
			);
		};
/* End PBXProject section */

/* Begin PBXResourcesBuildPhase section */
		6866162E2A361A7100209C4A /* Resources */ = {
			isa = PBXResourcesBuildPhase;
			buildActionMask = 2147483647;
			files = (
				6866163B2A361A7200209C4A /* Preview Assets.xcassets in Resources */,
				686616382A361A7200209C4A /* Assets.xcassets in Resources */,
			);
			runOnlyForDeploymentPostprocessing = 0;
		};
		686616442A361AA300209C4A /* Resources */ = {
			isa = PBXResourcesBuildPhase;
			buildActionMask = 2147483647;
			files = (
			);
			runOnlyForDeploymentPostprocessing = 0;
		};
		68F8230D2A3E111600F4D1E2 /* Resources */ = {
			isa = PBXResourcesBuildPhase;
			buildActionMask = 2147483647;
			files = (
			);
			runOnlyForDeploymentPostprocessing = 0;
		};
/* End PBXResourcesBuildPhase section */

/* Begin PBXSourcesBuildPhase section */
		6866162C2A361A7100209C4A /* Sources */ = {
			isa = PBXSourcesBuildPhase;
			buildActionMask = 2147483647;
			files = (
				686616362A361A7100209C4A /* ContentView.swift in Sources */,
				686616342A361A7100209C4A /* ExpandSelectionApp.swift in Sources */,
			);
			runOnlyForDeploymentPostprocessing = 0;
		};
		686616422A361AA300209C4A /* Sources */ = {
			isa = PBXSourcesBuildPhase;
			buildActionMask = 2147483647;
			files = (
				685649442A485BFA00099B1A /* SwiftExpanderUtils.swift in Sources */,
				68F823082A3E01E700F4D1E2 /* SwiftExpandToQuotes.swift in Sources */,
				68F823062A3DE7B200F4D1E2 /* String+Extensions.swift in Sources */,
				681A6B482B45A3D000AF074D /* SwiftExpanderToWord.swift in Sources */,
				68F8230A2A3E106800F4D1E2 /* SwiftExpanderProtocol.swift in Sources */,
				6866164E2A361AA300209C4A /* SourceEditorExtension.swift in Sources */,
				681B2A102B446D620045C02F /* SwiftExpanderToSubword.swift in Sources */,
				68F823042A3DE75E00F4D1E2 /* SwiftExpander.swift in Sources */,
				68D452682A50670A001D4C46 /* SwiftExpanderToSymbols.swift in Sources */,
				68F823192A3E116600F4D1E2 /* SwiftExpandSemanticUnit.swift in Sources */,
				681B2A122B459E820045C02F /* SwiftExpanderToRegexSet.swift in Sources */,
				686616502A361AA300209C4A /* SourceEditorCommand.swift in Sources */,
			);
			runOnlyForDeploymentPostprocessing = 0;
		};
		68F8230B2A3E111600F4D1E2 /* Sources */ = {
			isa = PBXSourcesBuildPhase;
			buildActionMask = 2147483647;
			files = (
				681B2A0E2B446C2C0045C02F /* SwiftExpanderTests.swift in Sources */,
				68F8231D2A3E165D00F4D1E2 /* SwiftExpanderProtocol.swift in Sources */,
				6863FBFB2AC8510F003F0A3C /* SwiftExpanderToSymbolsTests.swift in Sources */,
				681B2A162B45AA4E0045C02F /* SwiftExpanderToRegexSet.swift in Sources */,
				681B2A172B45AA4E0045C02F /* SwiftExpanderToSubword.swift in Sources */,
				681B2A142B45A9F10045C02F /* SwiftExpanderToWordTests.swift in Sources */,
				68D452652A5022C6001D4C46 /* SwiftExpandSemanticUnit.swift in Sources */,
				685649462A485CB300099B1A /* SwiftExpanderUtilsTests.swift in Sources */,
				685649472A485CE300099B1A /* SwiftExpanderUtils.swift in Sources */,
				681B2A152B45AA4E0045C02F /* SwiftExpanderToWord.swift in Sources */,
				687DDCF62AD1545E00420FDD /* SwiftExpander.swift in Sources */,
				68D452662A502850001D4C46 /* String+Extensions.swift in Sources */,
				68F8231B2A3E145F00F4D1E2 /* SwiftExpandToQuotesTests.swift in Sources */,
				68D452642A502275001D4C46 /* SwiftExpandSemanticUnitTests.swift in Sources */,
				68D452692A50670A001D4C46 /* SwiftExpanderToSymbols.swift in Sources */,
				68F8231C2A3E14BA00F4D1E2 /* SwiftExpandToQuotes.swift in Sources */,
			);
			runOnlyForDeploymentPostprocessing = 0;
		};
/* End PBXSourcesBuildPhase section */

/* Begin PBXTargetDependency section */
		686616542A361AA300209C4A /* PBXTargetDependency */ = {
			isa = PBXTargetDependency;
			target = 686616452A361AA300209C4A /* ExpandSelectionExtension */;
			targetProxy = 686616532A361AA300209C4A /* PBXContainerItemProxy */;
		};
		68F823142A3E111600F4D1E2 /* PBXTargetDependency */ = {
			isa = PBXTargetDependency;
			target = 6866162F2A361A7100209C4A /* ExpandSelection */;
			targetProxy = 68F823132A3E111600F4D1E2 /* PBXContainerItemProxy */;
		};
/* End PBXTargetDependency section */

/* Begin XCBuildConfiguration section */
		6866163D2A361A7200209C4A /* Debug */ = {
			isa = XCBuildConfiguration;
			buildSettings = {
				ALWAYS_SEARCH_USER_PATHS = NO;
				CLANG_ANALYZER_NONNULL = YES;
				CLANG_ANALYZER_NUMBER_OBJECT_CONVERSION = YES_AGGRESSIVE;
				CLANG_CXX_LANGUAGE_STANDARD = "gnu++20";
				CLANG_ENABLE_MODULES = YES;
				CLANG_ENABLE_OBJC_ARC = YES;
				CLANG_ENABLE_OBJC_WEAK = YES;
				CLANG_WARN_BLOCK_CAPTURE_AUTORELEASING = YES;
				CLANG_WARN_BOOL_CONVERSION = YES;
				CLANG_WARN_COMMA = YES;
				CLANG_WARN_CONSTANT_CONVERSION = YES;
				CLANG_WARN_DEPRECATED_OBJC_IMPLEMENTATIONS = YES;
				CLANG_WARN_DIRECT_OBJC_ISA_USAGE = YES_ERROR;
				CLANG_WARN_DOCUMENTATION_COMMENTS = YES;
				CLANG_WARN_EMPTY_BODY = YES;
				CLANG_WARN_ENUM_CONVERSION = YES;
				CLANG_WARN_INFINITE_RECURSION = YES;
				CLANG_WARN_INT_CONVERSION = YES;
				CLANG_WARN_NON_LITERAL_NULL_CONVERSION = YES;
				CLANG_WARN_OBJC_IMPLICIT_RETAIN_SELF = YES;
				CLANG_WARN_OBJC_LITERAL_CONVERSION = YES;
				CLANG_WARN_OBJC_ROOT_CLASS = YES_ERROR;
				CLANG_WARN_QUOTED_INCLUDE_IN_FRAMEWORK_HEADER = YES;
				CLANG_WARN_RANGE_LOOP_ANALYSIS = YES;
				CLANG_WARN_STRICT_PROTOTYPES = YES;
				CLANG_WARN_SUSPICIOUS_MOVE = YES;
				CLANG_WARN_UNGUARDED_AVAILABILITY = YES_AGGRESSIVE;
				CLANG_WARN_UNREACHABLE_CODE = YES;
				CLANG_WARN__DUPLICATE_METHOD_MATCH = YES;
				COPY_PHASE_STRIP = NO;
				DEBUG_INFORMATION_FORMAT = dwarf;
				ENABLE_STRICT_OBJC_MSGSEND = YES;
				ENABLE_TESTABILITY = YES;
				GCC_C_LANGUAGE_STANDARD = gnu11;
				GCC_DYNAMIC_NO_PIC = NO;
				GCC_NO_COMMON_BLOCKS = YES;
				GCC_OPTIMIZATION_LEVEL = 0;
				GCC_PREPROCESSOR_DEFINITIONS = (
					"DEBUG=1",
					"$(inherited)",
				);
				GCC_WARN_64_TO_32_BIT_CONVERSION = YES;
				GCC_WARN_ABOUT_RETURN_TYPE = YES_ERROR;
				GCC_WARN_UNDECLARED_SELECTOR = YES;
				GCC_WARN_UNINITIALIZED_AUTOS = YES_AGGRESSIVE;
				GCC_WARN_UNUSED_FUNCTION = YES;
				GCC_WARN_UNUSED_VARIABLE = YES;
				MACOSX_DEPLOYMENT_TARGET = 13.3;
				MTL_ENABLE_DEBUG_INFO = INCLUDE_SOURCE;
				MTL_FAST_MATH = YES;
				ONLY_ACTIVE_ARCH = YES;
				SDKROOT = macosx;
				SWIFT_ACTIVE_COMPILATION_CONDITIONS = DEBUG;
				SWIFT_OPTIMIZATION_LEVEL = "-Onone";
			};
			name = Debug;
		};
		6866163E2A361A7200209C4A /* Release */ = {
			isa = XCBuildConfiguration;
			buildSettings = {
				ALWAYS_SEARCH_USER_PATHS = NO;
				CLANG_ANALYZER_NONNULL = YES;
				CLANG_ANALYZER_NUMBER_OBJECT_CONVERSION = YES_AGGRESSIVE;
				CLANG_CXX_LANGUAGE_STANDARD = "gnu++20";
				CLANG_ENABLE_MODULES = YES;
				CLANG_ENABLE_OBJC_ARC = YES;
				CLANG_ENABLE_OBJC_WEAK = YES;
				CLANG_WARN_BLOCK_CAPTURE_AUTORELEASING = YES;
				CLANG_WARN_BOOL_CONVERSION = YES;
				CLANG_WARN_COMMA = YES;
				CLANG_WARN_CONSTANT_CONVERSION = YES;
				CLANG_WARN_DEPRECATED_OBJC_IMPLEMENTATIONS = YES;
				CLANG_WARN_DIRECT_OBJC_ISA_USAGE = YES_ERROR;
				CLANG_WARN_DOCUMENTATION_COMMENTS = YES;
				CLANG_WARN_EMPTY_BODY = YES;
				CLANG_WARN_ENUM_CONVERSION = YES;
				CLANG_WARN_INFINITE_RECURSION = YES;
				CLANG_WARN_INT_CONVERSION = YES;
				CLANG_WARN_NON_LITERAL_NULL_CONVERSION = YES;
				CLANG_WARN_OBJC_IMPLICIT_RETAIN_SELF = YES;
				CLANG_WARN_OBJC_LITERAL_CONVERSION = YES;
				CLANG_WARN_OBJC_ROOT_CLASS = YES_ERROR;
				CLANG_WARN_QUOTED_INCLUDE_IN_FRAMEWORK_HEADER = YES;
				CLANG_WARN_RANGE_LOOP_ANALYSIS = YES;
				CLANG_WARN_STRICT_PROTOTYPES = YES;
				CLANG_WARN_SUSPICIOUS_MOVE = YES;
				CLANG_WARN_UNGUARDED_AVAILABILITY = YES_AGGRESSIVE;
				CLANG_WARN_UNREACHABLE_CODE = YES;
				CLANG_WARN__DUPLICATE_METHOD_MATCH = YES;
				COPY_PHASE_STRIP = NO;
				DEBUG_INFORMATION_FORMAT = "dwarf-with-dsym";
				ENABLE_NS_ASSERTIONS = NO;
				ENABLE_STRICT_OBJC_MSGSEND = YES;
				GCC_C_LANGUAGE_STANDARD = gnu11;
				GCC_NO_COMMON_BLOCKS = YES;
				GCC_WARN_64_TO_32_BIT_CONVERSION = YES;
				GCC_WARN_ABOUT_RETURN_TYPE = YES_ERROR;
				GCC_WARN_UNDECLARED_SELECTOR = YES;
				GCC_WARN_UNINITIALIZED_AUTOS = YES_AGGRESSIVE;
				GCC_WARN_UNUSED_FUNCTION = YES;
				GCC_WARN_UNUSED_VARIABLE = YES;
				MACOSX_DEPLOYMENT_TARGET = 13.3;
				MTL_ENABLE_DEBUG_INFO = NO;
				MTL_FAST_MATH = YES;
				SDKROOT = macosx;
				SWIFT_COMPILATION_MODE = wholemodule;
				SWIFT_OPTIMIZATION_LEVEL = "-O";
			};
			name = Release;
		};
		686616402A361A7200209C4A /* Debug */ = {
			isa = XCBuildConfiguration;
			buildSettings = {
				ALWAYS_EMBED_SWIFT_STANDARD_LIBRARIES = YES;
				ASSETCATALOG_COMPILER_APPICON_NAME = AppIcon;
				ASSETCATALOG_COMPILER_GLOBAL_ACCENT_COLOR_NAME = AccentColor;
				CODE_SIGN_ENTITLEMENTS = ExpandSelection/ExpandSelection.entitlements;
				CODE_SIGN_STYLE = Automatic;
				COMBINE_HIDPI_IMAGES = YES;
				CURRENT_PROJECT_VERSION = 1;
				DEVELOPMENT_ASSET_PATHS = "\"ExpandSelection/Preview Content\"";
				DEVELOPMENT_TEAM = SUZ95D4UJX;
				ENABLE_HARDENED_RUNTIME = YES;
				ENABLE_PREVIEWS = YES;
				GENERATE_INFOPLIST_FILE = YES;
				INFOPLIST_KEY_NSHumanReadableCopyright = "";
				LD_RUNPATH_SEARCH_PATHS = (
					"$(inherited)",
					"@executable_path/../Frameworks",
				);
				MARKETING_VERSION = 1.0;
				PRODUCT_BUNDLE_IDENTIFIER = UITestsAplications.ExpandSelection;
				PRODUCT_NAME = "$(TARGET_NAME)";
				SWIFT_EMIT_LOC_STRINGS = YES;
				SWIFT_VERSION = 5.0;
			};
			name = Debug;
		};
		686616412A361A7200209C4A /* Release */ = {
			isa = XCBuildConfiguration;
			buildSettings = {
				ALWAYS_EMBED_SWIFT_STANDARD_LIBRARIES = YES;
				ASSETCATALOG_COMPILER_APPICON_NAME = AppIcon;
				ASSETCATALOG_COMPILER_GLOBAL_ACCENT_COLOR_NAME = AccentColor;
				CODE_SIGN_ENTITLEMENTS = ExpandSelection/ExpandSelection.entitlements;
				CODE_SIGN_STYLE = Automatic;
				COMBINE_HIDPI_IMAGES = YES;
				CURRENT_PROJECT_VERSION = 1;
				DEVELOPMENT_ASSET_PATHS = "\"ExpandSelection/Preview Content\"";
				DEVELOPMENT_TEAM = SUZ95D4UJX;
				ENABLE_HARDENED_RUNTIME = YES;
				ENABLE_PREVIEWS = YES;
				GENERATE_INFOPLIST_FILE = YES;
				INFOPLIST_KEY_NSHumanReadableCopyright = "";
				LD_RUNPATH_SEARCH_PATHS = (
					"$(inherited)",
					"@executable_path/../Frameworks",
				);
				MARKETING_VERSION = 1.0;
				PRODUCT_BUNDLE_IDENTIFIER = UITestsAplications.ExpandSelection;
				PRODUCT_NAME = "$(TARGET_NAME)";
				SWIFT_EMIT_LOC_STRINGS = YES;
				SWIFT_VERSION = 5.0;
			};
			name = Release;
		};
		686616572A361AA300209C4A /* Debug */ = {
			isa = XCBuildConfiguration;
			buildSettings = {
				CODE_SIGN_ENTITLEMENTS = ExpandSelectionExtension/ExpandSelectionExtension.entitlements;
				CODE_SIGN_STYLE = Automatic;
				COMBINE_HIDPI_IMAGES = YES;
				CURRENT_PROJECT_VERSION = 1;
				DEVELOPMENT_TEAM = SUZ95D4UJX;
				ENABLE_HARDENED_RUNTIME = YES;
				GENERATE_INFOPLIST_FILE = YES;
				INFOPLIST_FILE = ExpandSelectionExtension/Info.plist;
				INFOPLIST_KEY_CFBundleDisplayName = ExpandSelectionExtension;
				INFOPLIST_KEY_NSHumanReadableCopyright = "";
				LD_RUNPATH_SEARCH_PATHS = (
					"$(inherited)",
					"@executable_path/../Frameworks",
					"@executable_path/../../../../Frameworks",
				);
				MARKETING_VERSION = 1.0;
				PRODUCT_BUNDLE_IDENTIFIER = UITestsAplications.ExpandSelection.ExpandSelectionExtension;
				PRODUCT_NAME = "$(TARGET_NAME)";
				SKIP_INSTALL = YES;
				SWIFT_EMIT_LOC_STRINGS = YES;
				SWIFT_VERSION = 5.0;
			};
			name = Debug;
		};
		686616582A361AA300209C4A /* Release */ = {
			isa = XCBuildConfiguration;
			buildSettings = {
				CODE_SIGN_ENTITLEMENTS = ExpandSelectionExtension/ExpandSelectionExtension.entitlements;
				CODE_SIGN_STYLE = Automatic;
				COMBINE_HIDPI_IMAGES = YES;
				CURRENT_PROJECT_VERSION = 1;
				DEVELOPMENT_TEAM = SUZ95D4UJX;
				ENABLE_HARDENED_RUNTIME = YES;
				GENERATE_INFOPLIST_FILE = YES;
				INFOPLIST_FILE = ExpandSelectionExtension/Info.plist;
				INFOPLIST_KEY_CFBundleDisplayName = ExpandSelectionExtension;
				INFOPLIST_KEY_NSHumanReadableCopyright = "";
				LD_RUNPATH_SEARCH_PATHS = (
					"$(inherited)",
					"@executable_path/../Frameworks",
					"@executable_path/../../../../Frameworks",
				);
				MARKETING_VERSION = 1.0;
				PRODUCT_BUNDLE_IDENTIFIER = UITestsAplications.ExpandSelection.ExpandSelectionExtension;
				PRODUCT_NAME = "$(TARGET_NAME)";
				SKIP_INSTALL = YES;
				SWIFT_EMIT_LOC_STRINGS = YES;
				SWIFT_VERSION = 5.0;
			};
			name = Release;
		};
		68F823162A3E111600F4D1E2 /* Debug */ = {
			isa = XCBuildConfiguration;
			buildSettings = {
				BUNDLE_LOADER = "$(TEST_HOST)";
				CODE_SIGN_STYLE = Automatic;
				CURRENT_PROJECT_VERSION = 1;
				DEVELOPMENT_TEAM = SUZ95D4UJX;
				GENERATE_INFOPLIST_FILE = YES;
				MACOSX_DEPLOYMENT_TARGET = 14.0;
				MARKETING_VERSION = 1.0;
				PRODUCT_BUNDLE_IDENTIFIER = UITestsAplications.ExpandSelectionTests;
				PRODUCT_NAME = "$(TARGET_NAME)";
				SWIFT_EMIT_LOC_STRINGS = NO;
				SWIFT_VERSION = 5.0;
				TEST_HOST = "$(BUILT_PRODUCTS_DIR)/ExpandSelection.app/$(BUNDLE_EXECUTABLE_FOLDER_PATH)/ExpandSelection";
			};
			name = Debug;
		};
		68F823172A3E111600F4D1E2 /* Release */ = {
			isa = XCBuildConfiguration;
			buildSettings = {
				BUNDLE_LOADER = "$(TEST_HOST)";
				CODE_SIGN_STYLE = Automatic;
				CURRENT_PROJECT_VERSION = 1;
				DEVELOPMENT_TEAM = SUZ95D4UJX;
				GENERATE_INFOPLIST_FILE = YES;
				MACOSX_DEPLOYMENT_TARGET = 14.0;
				MARKETING_VERSION = 1.0;
				PRODUCT_BUNDLE_IDENTIFIER = UITestsAplications.ExpandSelectionTests;
				PRODUCT_NAME = "$(TARGET_NAME)";
				SWIFT_EMIT_LOC_STRINGS = NO;
				SWIFT_VERSION = 5.0;
				TEST_HOST = "$(BUILT_PRODUCTS_DIR)/ExpandSelection.app/$(BUNDLE_EXECUTABLE_FOLDER_PATH)/ExpandSelection";
			};
			name = Release;
		};
/* End XCBuildConfiguration section */

/* Begin XCConfigurationList section */
		6866162B2A361A7100209C4A /* Build configuration list for PBXProject "ExpandSelection" */ = {
			isa = XCConfigurationList;
			buildConfigurations = (
				6866163D2A361A7200209C4A /* Debug */,
				6866163E2A361A7200209C4A /* Release */,
			);
			defaultConfigurationIsVisible = 0;
			defaultConfigurationName = Release;
		};
		6866163F2A361A7200209C4A /* Build configuration list for PBXNativeTarget "ExpandSelection" */ = {
			isa = XCConfigurationList;
			buildConfigurations = (
				686616402A361A7200209C4A /* Debug */,
				686616412A361A7200209C4A /* Release */,
			);
			defaultConfigurationIsVisible = 0;
			defaultConfigurationName = Release;
		};
		686616562A361AA300209C4A /* Build configuration list for PBXNativeTarget "ExpandSelectionExtension" */ = {
			isa = XCConfigurationList;
			buildConfigurations = (
				686616572A361AA300209C4A /* Debug */,
				686616582A361AA300209C4A /* Release */,
			);
			defaultConfigurationIsVisible = 0;
			defaultConfigurationName = Release;
		};
		68F823152A3E111600F4D1E2 /* Build configuration list for PBXNativeTarget "ExpandSelectionTests" */ = {
			isa = XCConfigurationList;
			buildConfigurations = (
				68F823162A3E111600F4D1E2 /* Debug */,
				68F823172A3E111600F4D1E2 /* Release */,
			);
			defaultConfigurationIsVisible = 0;
			defaultConfigurationName = Release;
		};
/* End XCConfigurationList section */
	};
	rootObject = 686616282A361A7100209C4A /* Project object */;
}
